
Microsoft Visual Studio Solution File, Format Version 12.00
# Visual Studio Version 17
VisualStudioVersion = 17.8.34525.116
MinimumVisualStudioVersion = 10.0.40219.1
Project("{FAE04EC0-301F-11D3-BF4B-00C04F79EFBC}") = "InventaPro", "InventaPro\InventaPro.csproj", "{9E90436F-D4D6-4860-958F-3622B074FF12}"
EndProject
Global
	GlobalSection(SolutionConfigurationPlatforms) = preSolution
		Debug|Any CPU = Debug|Any CPU
		Release|Any CPU = Release|Any CPU
	EndGlobalSection
	GlobalSection(ProjectConfigurationPlatforms) = postSolution
		{9E90436F-D4D6-4860-958F-3622B074FF12}.Debug|Any CPU.ActiveCfg = Debug|Any CPU
		{9E90436F-D4D6-4860-958F-3622B074FF12}.Debug|Any CPU.Build.0 = Debug|Any CPU
		{9E90436F-D4D6-4860-958F-3622B074FF12}.Release|Any CPU.ActiveCfg = Release|Any CPU
		{9E90436F-D4D6-4860-958F-3622B074FF12}.Release|Any CPU.Build.0 = Release|Any CPU
	EndGlobalSection
	GlobalSection(SolutionProperties) = preSolution
		HideSolutionNode = FALSE
	EndGlobalSection
	GlobalSection(ExtensibilityGlobals) = postSolution
		SolutionGuid = {627F0D83-8099-42AB-9E02-77183808F9F6}
	EndGlobalSection
EndGlobal
